
Microsoft Visual Studio Solution File, Format Version 12.00
# Visual Studio 14
VisualStudioVersion = 14.0.25420.1
MinimumVisualStudioVersion = 10.0.40219.1
Project("{F184B08F-C81C-45F6-A57F-5ABD9991F28F}") = "Bare_GPA", "Bare_GPA\Bare_GPA.vbproj", "{BEEF3A24-56F8-453C-A222-4562ACDBEAA7}"
EndProject
Global
	GlobalSection(SolutionConfigurationPlatforms) = preSolution
		Debug|Any CPU = Debug|Any CPU
		Release|Any CPU = Release|Any CPU
	EndGlobalSection
	GlobalSection(ProjectConfigurationPlatforms) = postSolution
		{BEEF3A24-56F8-453C-A222-4562ACDBEAA7}.Debug|Any CPU.ActiveCfg = Debug|Any CPU
		{BEEF3A24-56F8-453C-A222-4562ACDBEAA7}.Debug|Any CPU.Build.0 = Debug|Any CPU
		{BEEF3A24-56F8-453C-A222-4562ACDBEAA7}.Release|Any CPU.ActiveCfg = Release|Any CPU
		{BEEF3A24-56F8-453C-A222-4562ACDBEAA7}.Release|Any CPU.Build.0 = Release|Any CPU
	EndGlobalSection
	GlobalSection(SolutionProperties) = preSolution
		HideSolutionNode = FALSE
	EndGlobalSection
EndGlobal
